// !$*UTF8*$!
{
	archiveVersion = 1;
	classes = {
	};
	objectVersion = 55;
	objects = {

/* Begin PBXBuildFile section */
		863850522A4A5B8400B0CF09 /* LandMarksApp.swift in Sources */ = {isa = PBXBuildFile; fileRef = 863850512A4A5B8400B0CF09 /* LandMarksApp.swift */; };
		863850542A4A5B8400B0CF09 /* ContentView.swift in Sources */ = {isa = PBXBuildFile; fileRef = 863850532A4A5B8400B0CF09 /* ContentView.swift */; };
		863850562A4A5B8600B0CF09 /* Assets.xcassets in Resources */ = {isa = PBXBuildFile; fileRef = 863850552A4A5B8600B0CF09 /* Assets.xcassets */; };
		863850592A4A5B8600B0CF09 /* Preview Assets.xcassets in Resources */ = {isa = PBXBuildFile; fileRef = 863850582A4A5B8600B0CF09 /* Preview Assets.xcassets */; };
		863850632A4A5B8600B0CF09 /* LandMarksTests.swift in Sources */ = {isa = PBXBuildFile; fileRef = 863850622A4A5B8600B0CF09 /* LandMarksTests.swift */; };
		8638506D2A4A5B8600B0CF09 /* LandMarksUITests.swift in Sources */ = {isa = PBXBuildFile; fileRef = 8638506C2A4A5B8600B0CF09 /* LandMarksUITests.swift */; };
		8638506F2A4A5B8600B0CF09 /* LandMarksUITestsLaunchTests.swift in Sources */ = {isa = PBXBuildFile; fileRef = 8638506E2A4A5B8600B0CF09 /* LandMarksUITestsLaunchTests.swift */; };
		8638507E2A4A5FE700B0CF09 /* CircleImage.swift in Sources */ = {isa = PBXBuildFile; fileRef = 8638507D2A4A5FE700B0CF09 /* CircleImage.swift */; };
		863850802A4A606200B0CF09 /* MapView.swift in Sources */ = {isa = PBXBuildFile; fileRef = 8638507F2A4A606200B0CF09 /* MapView.swift */; };
		864358A82A63410000240F7A /* landmarkData.json in Resources */ = {isa = PBXBuildFile; fileRef = 864358A72A63410000240F7A /* landmarkData.json */; };
		864358AA2A63413200240F7A /* Landmark.swift in Sources */ = {isa = PBXBuildFile; fileRef = 864358A92A63413200240F7A /* Landmark.swift */; };
		864358AC2A63450200240F7A /* ModelData.swift in Sources */ = {isa = PBXBuildFile; fileRef = 864358AB2A63450200240F7A /* ModelData.swift */; };
		864358B12A6345FF00240F7A /* LandmarkRow.swift in Sources */ = {isa = PBXBuildFile; fileRef = 864358B02A6345FF00240F7A /* LandmarkRow.swift */; };
		864358B32A63470800240F7A /* LandmarkList.swift in Sources */ = {isa = PBXBuildFile; fileRef = 864358B22A63470800240F7A /* LandmarkList.swift */; };
		864358B52A63480000240F7A /* LandmarkDetail.swift in Sources */ = {isa = PBXBuildFile; fileRef = 864358B42A63480000240F7A /* LandmarkDetail.swift */; };
		864358B72A63546900240F7A /*  FavoriteButton.swift in Sources */ = {isa = PBXBuildFile; fileRef = 864358B62A63546900240F7A /*  FavoriteButton.swift */; };
/* End PBXBuildFile section */

/* Begin PBXContainerItemProxy section */
		8638505F2A4A5B8600B0CF09 /* PBXContainerItemProxy */ = {
			isa = PBXContainerItemProxy;
			containerPortal = 863850462A4A5B8400B0CF09 /* Project object */;
			proxyType = 1;
			remoteGlobalIDString = 8638504D2A4A5B8400B0CF09;
			remoteInfo = LandMarks;
		};
		863850692A4A5B8600B0CF09 /* PBXContainerItemProxy */ = {
			isa = PBXContainerItemProxy;
			containerPortal = 863850462A4A5B8400B0CF09 /* Project object */;
			proxyType = 1;
			remoteGlobalIDString = 8638504D2A4A5B8400B0CF09;
			remoteInfo = LandMarks;
		};
/* End PBXContainerItemProxy section */

/* Begin PBXFileReference section */
		8638504E2A4A5B8400B0CF09 /* LandMarks.app */ = {isa = PBXFileReference; explicitFileType = wrapper.application; includeInIndex = 0; path = LandMarks.app; sourceTree = BUILT_PRODUCTS_DIR; };
		863850512A4A5B8400B0CF09 /* LandMarksApp.swift */ = {isa = PBXFileReference; lastKnownFileType = sourcecode.swift; path = LandMarksApp.swift; sourceTree = "<group>"; };
		863850532A4A5B8400B0CF09 /* ContentView.swift */ = {isa = PBXFileReference; lastKnownFileType = sourcecode.swift; path = ContentView.swift; sourceTree = "<group>"; };
		863850552A4A5B8600B0CF09 /* Assets.xcassets */ = {isa = PBXFileReference; lastKnownFileType = folder.assetcatalog; path = Assets.xcassets; sourceTree = "<group>"; };
		863850582A4A5B8600B0CF09 /* Preview Assets.xcassets */ = {isa = PBXFileReference; lastKnownFileType = folder.assetcatalog; path = "Preview Assets.xcassets"; sourceTree = "<group>"; };
		8638505E2A4A5B8600B0CF09 /* LandMarksTests.xctest */ = {isa = PBXFileReference; explicitFileType = wrapper.cfbundle; includeInIndex = 0; path = LandMarksTests.xctest; sourceTree = BUILT_PRODUCTS_DIR; };
		863850622A4A5B8600B0CF09 /* LandMarksTests.swift */ = {isa = PBXFileReference; lastKnownFileType = sourcecode.swift; path = LandMarksTests.swift; sourceTree = "<group>"; };
		863850682A4A5B8600B0CF09 /* LandMarksUITests.xctest */ = {isa = PBXFileReference; explicitFileType = wrapper.cfbundle; includeInIndex = 0; path = LandMarksUITests.xctest; sourceTree = BUILT_PRODUCTS_DIR; };
		8638506C2A4A5B8600B0CF09 /* LandMarksUITests.swift */ = {isa = PBXFileReference; lastKnownFileType = sourcecode.swift; path = LandMarksUITests.swift; sourceTree = "<group>"; };
		8638506E2A4A5B8600B0CF09 /* LandMarksUITestsLaunchTests.swift */ = {isa = PBXFileReference; lastKnownFileType = sourcecode.swift; path = LandMarksUITestsLaunchTests.swift; sourceTree = "<group>"; };
		8638507D2A4A5FE700B0CF09 /* CircleImage.swift */ = {isa = PBXFileReference; lastKnownFileType = sourcecode.swift; path = CircleImage.swift; sourceTree = "<group>"; };
		8638507F2A4A606200B0CF09 /* MapView.swift */ = {isa = PBXFileReference; lastKnownFileType = sourcecode.swift; path = MapView.swift; sourceTree = "<group>"; };
		864358A72A63410000240F7A /* landmarkData.json */ = {isa = PBXFileReference; fileEncoding = 4; lastKnownFileType = text.json; path = landmarkData.json; sourceTree = "<group>"; };
		864358A92A63413200240F7A /* Landmark.swift */ = {isa = PBXFileReference; lastKnownFileType = sourcecode.swift; path = Landmark.swift; sourceTree = "<group>"; };
		864358AB2A63450200240F7A /* ModelData.swift */ = {isa = PBXFileReference; lastKnownFileType = sourcecode.swift; path = ModelData.swift; sourceTree = "<group>"; };
		864358B02A6345FF00240F7A /* LandmarkRow.swift */ = {isa = PBXFileReference; lastKnownFileType = sourcecode.swift; path = LandmarkRow.swift; sourceTree = "<group>"; };
		864358B22A63470800240F7A /* LandmarkList.swift */ = {isa = PBXFileReference; lastKnownFileType = sourcecode.swift; path = LandmarkList.swift; sourceTree = "<group>"; };
		864358B42A63480000240F7A /* LandmarkDetail.swift */ = {isa = PBXFileReference; lastKnownFileType = sourcecode.swift; path = LandmarkDetail.swift; sourceTree = "<group>"; };
		864358B62A63546900240F7A /*  FavoriteButton.swift */ = {isa = PBXFileReference; lastKnownFileType = sourcecode.swift; path = " FavoriteButton.swift"; sourceTree = "<group>"; };
/* End PBXFileReference section */

/* Begin PBXFrameworksBuildPhase section */
		8638504B2A4A5B8400B0CF09 /* Frameworks */ = {
			isa = PBXFrameworksBuildPhase;
			buildActionMask = 2147483647;
			files = (
			);
			runOnlyForDeploymentPostprocessing = 0;
		};
		8638505B2A4A5B8600B0CF09 /* Frameworks */ = {
			isa = PBXFrameworksBuildPhase;
			buildActionMask = 2147483647;
			files = (
			);
			runOnlyForDeploymentPostprocessing = 0;
		};
		863850652A4A5B8600B0CF09 /* Frameworks */ = {
			isa = PBXFrameworksBuildPhase;
			buildActionMask = 2147483647;
			files = (
			);
			runOnlyForDeploymentPostprocessing = 0;
		};
/* End PBXFrameworksBuildPhase section */

/* Begin PBXGroup section */
		863850452A4A5B8400B0CF09 = {
			isa = PBXGroup;
			children = (
				863850502A4A5B8400B0CF09 /* LandMarks */,
				863850612A4A5B8600B0CF09 /* LandMarksTests */,
				8638506B2A4A5B8600B0CF09 /* LandMarksUITests */,
				8638504F2A4A5B8400B0CF09 /* Products */,
			);
			sourceTree = "<group>";
		};
		8638504F2A4A5B8400B0CF09 /* Products */ = {
			isa = PBXGroup;
			children = (
				8638504E2A4A5B8400B0CF09 /* LandMarks.app */,
				8638505E2A4A5B8600B0CF09 /* LandMarksTests.xctest */,
				863850682A4A5B8600B0CF09 /* LandMarksUITests.xctest */,
			);
			name = Products;
			sourceTree = "<group>";
		};
		863850502A4A5B8400B0CF09 /* LandMarks */ = {
			isa = PBXGroup;
			children = (
				864358B82A6354DA00240F7A /* Helpers */,
				864358AF2A6345BA00240F7A /* Resources */,
				864358AE2A63459300240F7A /* Model */,
				864358AD2A63455C00240F7A /* Views */,
				863850512A4A5B8400B0CF09 /* LandMarksApp.swift */,
				863850552A4A5B8600B0CF09 /* Assets.xcassets */,
				863850572A4A5B8600B0CF09 /* Preview Content */,
			);
			path = LandMarks;
			sourceTree = "<group>";
		};
		863850572A4A5B8600B0CF09 /* Preview Content */ = {
			isa = PBXGroup;
			children = (
				863850582A4A5B8600B0CF09 /* Preview Assets.xcassets */,
			);
			path = "Preview Content";
			sourceTree = "<group>";
		};
		863850612A4A5B8600B0CF09 /* LandMarksTests */ = {
			isa = PBXGroup;
			children = (
				863850622A4A5B8600B0CF09 /* LandMarksTests.swift */,
			);
			path = LandMarksTests;
			sourceTree = "<group>";
		};
		8638506B2A4A5B8600B0CF09 /* LandMarksUITests */ = {
			isa = PBXGroup;
			children = (
				8638506C2A4A5B8600B0CF09 /* LandMarksUITests.swift */,
				8638506E2A4A5B8600B0CF09 /* LandMarksUITestsLaunchTests.swift */,
			);
			path = LandMarksUITests;
			sourceTree = "<group>";
		};
		864358AD2A63455C00240F7A /* Views */ = {
			isa = PBXGroup;
			children = (
				863850532A4A5B8400B0CF09 /* ContentView.swift */,
				864358B02A6345FF00240F7A /* LandmarkRow.swift */,
				864358B22A63470800240F7A /* LandmarkList.swift */,
				864358B42A63480000240F7A /* LandmarkDetail.swift */,
			);
			name = Views;
			sourceTree = "<group>";
		};
		864358AE2A63459300240F7A /* Model */ = {
			isa = PBXGroup;
			children = (
				864358AB2A63450200240F7A /* ModelData.swift */,
				864358A92A63413200240F7A /* Landmark.swift */,
			);
			path = Model;
			sourceTree = "<group>";
		};
		864358AF2A6345BA00240F7A /* Resources */ = {
			isa = PBXGroup;
			children = (
				864358A72A63410000240F7A /* landmarkData.json */,
			);
			path = Resources;
			sourceTree = "<group>";
		};
		864358B82A6354DA00240F7A /* Helpers */ = {
			isa = PBXGroup;
			children = (
				864358B62A63546900240F7A /*  FavoriteButton.swift */,
				8638507F2A4A606200B0CF09 /* MapView.swift */,
				8638507D2A4A5FE700B0CF09 /* CircleImage.swift */,
			);
			path = Helpers;
			sourceTree = "<group>";
		};
/* End PBXGroup section */

/* Begin PBXNativeTarget section */
		8638504D2A4A5B8400B0CF09 /* LandMarks */ = {
			isa = PBXNativeTarget;
			buildConfigurationList = 863850722A4A5B8600B0CF09 /* Build configuration list for PBXNativeTarget "LandMarks" */;
			buildPhases = (
				8638504A2A4A5B8400B0CF09 /* Sources */,
				8638504B2A4A5B8400B0CF09 /* Frameworks */,
				8638504C2A4A5B8400B0CF09 /* Resources */,
			);
			buildRules = (
			);
			dependencies = (
			);
			name = LandMarks;
			productName = LandMarks;
			productReference = 8638504E2A4A5B8400B0CF09 /* LandMarks.app */;
			productType = "com.apple.product-type.application";
		};
		8638505D2A4A5B8600B0CF09 /* LandMarksTests */ = {
			isa = PBXNativeTarget;
			buildConfigurationList = 863850752A4A5B8600B0CF09 /* Build configuration list for PBXNativeTarget "LandMarksTests" */;
			buildPhases = (
				8638505A2A4A5B8600B0CF09 /* Sources */,
				8638505B2A4A5B8600B0CF09 /* Frameworks */,
				8638505C2A4A5B8600B0CF09 /* Resources */,
			);
			buildRules = (
			);
			dependencies = (
				863850602A4A5B8600B0CF09 /* PBXTargetDependency */,
			);
			name = LandMarksTests;
			productName = LandMarksTests;
			productReference = 8638505E2A4A5B8600B0CF09 /* LandMarksTests.xctest */;
			productType = "com.apple.product-type.bundle.unit-test";
		};
		863850672A4A5B8600B0CF09 /* LandMarksUITests */ = {
			isa = PBXNativeTarget;
			buildConfigurationList = 863850782A4A5B8600B0CF09 /* Build configuration list for PBXNativeTarget "LandMarksUITests" */;
			buildPhases = (
				863850642A4A5B8600B0CF09 /* Sources */,
				863850652A4A5B8600B0CF09 /* Frameworks */,
				863850662A4A5B8600B0CF09 /* Resources */,
			);
			buildRules = (
			);
			dependencies = (
				8638506A2A4A5B8600B0CF09 /* PBXTargetDependency */,
			);
			name = LandMarksUITests;
			productName = LandMarksUITests;
			productReference = 863850682A4A5B8600B0CF09 /* LandMarksUITests.xctest */;
			productType = "com.apple.product-type.bundle.ui-testing";
		};
/* End PBXNativeTarget section */

/* Begin PBXProject section */
		863850462A4A5B8400B0CF09 /* Project object */ = {
			isa = PBXProject;
			attributes = {
				BuildIndependentTargetsInParallel = 1;
				LastSwiftUpdateCheck = 1320;
				LastUpgradeCheck = 1320;
				TargetAttributes = {
					8638504D2A4A5B8400B0CF09 = {
						CreatedOnToolsVersion = 13.2;
					};
					8638505D2A4A5B8600B0CF09 = {
						CreatedOnToolsVersion = 13.2;
						TestTargetID = 8638504D2A4A5B8400B0CF09;
					};
					863850672A4A5B8600B0CF09 = {
						CreatedOnToolsVersion = 13.2;
						TestTargetID = 8638504D2A4A5B8400B0CF09;
					};
				};
			};
			buildConfigurationList = 863850492A4A5B8400B0CF09 /* Build configuration list for PBXProject "LandMarks" */;
			compatibilityVersion = "Xcode 13.0";
			developmentRegion = en;
			hasScannedForEncodings = 0;
			knownRegions = (
				en,
				Base,
			);
			mainGroup = 863850452A4A5B8400B0CF09;
			productRefGroup = 8638504F2A4A5B8400B0CF09 /* Products */;
			projectDirPath = "";
			projectRoot = "";
			targets = (
				8638504D2A4A5B8400B0CF09 /* LandMarks */,
				8638505D2A4A5B8600B0CF09 /* LandMarksTests */,
				863850672A4A5B8600B0CF09 /* LandMarksUITests */,
			);
		};
/* End PBXProject section */

/* Begin PBXResourcesBuildPhase section */
		8638504C2A4A5B8400B0CF09 /* Resources */ = {
			isa = PBXResourcesBuildPhase;
			buildActionMask = 2147483647;
			files = (
				863850592A4A5B8600B0CF09 /* Preview Assets.xcassets in Resources */,
				863850562A4A5B8600B0CF09 /* Assets.xcassets in Resources */,
				864358A82A63410000240F7A /* landmarkData.json in Resources */,
			);
			runOnlyForDeploymentPostprocessing = 0;
		};
		8638505C2A4A5B8600B0CF09 /* Resources */ = {
			isa = PBXResourcesBuildPhase;
			buildActionMask = 2147483647;
			files = (
			);
			runOnlyForDeploymentPostprocessing = 0;
		};
		863850662A4A5B8600B0CF09 /* Resources */ = {
			isa = PBXResourcesBuildPhase;
			buildActionMask = 2147483647;
			files = (
			);
			runOnlyForDeploymentPostprocessing = 0;
		};
/* End PBXResourcesBuildPhase section */

/* Begin PBXSourcesBuildPhase section */
		8638504A2A4A5B8400B0CF09 /* Sources */ = {
			isa = PBXSourcesBuildPhase;
			buildActionMask = 2147483647;
			files = (
				863850542A4A5B8400B0CF09 /* ContentView.swift in Sources */,
				863850802A4A606200B0CF09 /* MapView.swift in Sources */,
				863850522A4A5B8400B0CF09 /* LandMarksApp.swift in Sources */,
				864358B32A63470800240F7A /* LandmarkList.swift in Sources */,
				864358B72A63546900240F7A /*  FavoriteButton.swift in Sources */,
				864358B52A63480000240F7A /* LandmarkDetail.swift in Sources */,
				8638507E2A4A5FE700B0CF09 /* CircleImage.swift in Sources */,
				864358AA2A63413200240F7A /* Landmark.swift in Sources */,
				864358B12A6345FF00240F7A /* LandmarkRow.swift in Sources */,
				864358AC2A63450200240F7A /* ModelData.swift in Sources */,
			);
			runOnlyForDeploymentPostprocessing = 0;
		};
		8638505A2A4A5B8600B0CF09 /* Sources */ = {
			isa = PBXSourcesBuildPhase;
			buildActionMask = 2147483647;
			files = (
				863850632A4A5B8600B0CF09 /* LandMarksTests.swift in Sources */,
			);
			runOnlyForDeploymentPostprocessing = 0;
		};
		863850642A4A5B8600B0CF09 /* Sources */ = {
			isa = PBXSourcesBuildPhase;
			buildActionMask = 2147483647;
			files = (
				8638506F2A4A5B8600B0CF09 /* LandMarksUITestsLaunchTests.swift in Sources */,
				8638506D2A4A5B8600B0CF09 /* LandMarksUITests.swift in Sources */,
			);
			runOnlyForDeploymentPostprocessing = 0;
		};
/* End PBXSourcesBuildPhase section */

/* Begin PBXTargetDependency section */
		863850602A4A5B8600B0CF09 /* PBXTargetDependency */ = {
			isa = PBXTargetDependency;
			target = 8638504D2A4A5B8400B0CF09 /* LandMarks */;
			targetProxy = 8638505F2A4A5B8600B0CF09 /* PBXContainerItemProxy */;
		};
		8638506A2A4A5B8600B0CF09 /* PBXTargetDependency */ = {
			isa = PBXTargetDependency;
			target = 8638504D2A4A5B8400B0CF09 /* LandMarks */;
			targetProxy = 863850692A4A5B8600B0CF09 /* PBXContainerItemProxy */;
		};
/* End PBXTargetDependency section */

/* Begin XCBuildConfiguration section */
		863850702A4A5B8600B0CF09 /* Debug */ = {
			isa = XCBuildConfiguration;
			buildSettings = {
				ALWAYS_SEARCH_USER_PATHS = NO;
				CLANG_ANALYZER_NONNULL = YES;
				CLANG_ANALYZER_NUMBER_OBJECT_CONVERSION = YES_AGGRESSIVE;
				CLANG_CXX_LANGUAGE_STANDARD = "gnu++17";
				CLANG_CXX_LIBRARY = "libc++";
				CLANG_ENABLE_MODULES = YES;
				CLANG_ENABLE_OBJC_ARC = YES;
				CLANG_ENABLE_OBJC_WEAK = YES;
				CLANG_WARN_BLOCK_CAPTURE_AUTORELEASING = YES;
				CLANG_WARN_BOOL_CONVERSION = YES;
				CLANG_WARN_COMMA = YES;
				CLANG_WARN_CONSTANT_CONVERSION = YES;
				CLANG_WARN_DEPRECATED_OBJC_IMPLEMENTATIONS = YES;
				CLANG_WARN_DIRECT_OBJC_ISA_USAGE = YES_ERROR;
				CLANG_WARN_DOCUMENTATION_COMMENTS = YES;
				CLANG_WARN_EMPTY_BODY = YES;
				CLANG_WARN_ENUM_CONVERSION = YES;
				CLANG_WARN_INFINITE_RECURSION = YES;
				CLANG_WARN_INT_CONVERSION = YES;
				CLANG_WARN_NON_LITERAL_NULL_CONVERSION = YES;
				CLANG_WARN_OBJC_IMPLICIT_RETAIN_SELF = YES;
				CLANG_WARN_OBJC_LITERAL_CONVERSION = YES;
				CLANG_WARN_OBJC_ROOT_CLASS = YES_ERROR;
				CLANG_WARN_QUOTED_INCLUDE_IN_FRAMEWORK_HEADER = YES;
				CLANG_WARN_RANGE_LOOP_ANALYSIS = YES;
				CLANG_WARN_STRICT_PROTOTYPES = YES;
				CLANG_WARN_SUSPICIOUS_MOVE = YES;
				CLANG_WARN_UNGUARDED_AVAILABILITY = YES_AGGRESSIVE;
				CLANG_WARN_UNREACHABLE_CODE = YES;
				CLANG_WARN__DUPLICATE_METHOD_MATCH = YES;
				COPY_PHASE_STRIP = NO;
				DEBUG_INFORMATION_FORMAT = dwarf;
				ENABLE_STRICT_OBJC_MSGSEND = YES;
				ENABLE_TESTABILITY = YES;
				GCC_C_LANGUAGE_STANDARD = gnu11;
				GCC_DYNAMIC_NO_PIC = NO;
				GCC_NO_COMMON_BLOCKS = YES;
				GCC_OPTIMIZATION_LEVEL = 0;
				GCC_PREPROCESSOR_DEFINITIONS = (
					"DEBUG=1",
					"$(inherited)",
				);
				GCC_WARN_64_TO_32_BIT_CONVERSION = YES;
				GCC_WARN_ABOUT_RETURN_TYPE = YES_ERROR;
				GCC_WARN_UNDECLARED_SELECTOR = YES;
				GCC_WARN_UNINITIALIZED_AUTOS = YES_AGGRESSIVE;
				GCC_WARN_UNUSED_FUNCTION = YES;
				GCC_WARN_UNUSED_VARIABLE = YES;
				IPHONEOS_DEPLOYMENT_TARGET = 15.2;
				MTL_ENABLE_DEBUG_INFO = INCLUDE_SOURCE;
				MTL_FAST_MATH = YES;
				ONLY_ACTIVE_ARCH = YES;
				SDKROOT = iphoneos;
				SWIFT_ACTIVE_COMPILATION_CONDITIONS = DEBUG;
				SWIFT_OPTIMIZATION_LEVEL = "-Onone";
			};
			name = Debug;
		};
		863850712A4A5B8600B0CF09 /* Release */ = {
			isa = XCBuildConfiguration;
			buildSettings = {
				ALWAYS_SEARCH_USER_PATHS = NO;
				CLANG_ANALYZER_NONNULL = YES;
				CLANG_ANALYZER_NUMBER_OBJECT_CONVERSION = YES_AGGRESSIVE;
				CLANG_CXX_LANGUAGE_STANDARD = "gnu++17";
				CLANG_CXX_LIBRARY = "libc++";
				CLANG_ENABLE_MODULES = YES;
				CLANG_ENABLE_OBJC_ARC = YES;
				CLANG_ENABLE_OBJC_WEAK = YES;
				CLANG_WARN_BLOCK_CAPTURE_AUTORELEASING = YES;
				CLANG_WARN_BOOL_CONVERSION = YES;
				CLANG_WARN_COMMA = YES;
				CLANG_WARN_CONSTANT_CONVERSION = YES;
				CLANG_WARN_DEPRECATED_OBJC_IMPLEMENTATIONS = YES;
				CLANG_WARN_DIRECT_OBJC_ISA_USAGE = YES_ERROR;
				CLANG_WARN_DOCUMENTATION_COMMENTS = YES;
				CLANG_WARN_EMPTY_BODY = YES;
				CLANG_WARN_ENUM_CONVERSION = YES;
				CLANG_WARN_INFINITE_RECURSION = YES;
				CLANG_WARN_INT_CONVERSION = YES;
				CLANG_WARN_NON_LITERAL_NULL_CONVERSION = YES;
				CLANG_WARN_OBJC_IMPLICIT_RETAIN_SELF = YES;
				CLANG_WARN_OBJC_LITERAL_CONVERSION = YES;
				CLANG_WARN_OBJC_ROOT_CLASS = YES_ERROR;
				CLANG_WARN_QUOTED_INCLUDE_IN_FRAMEWORK_HEADER = YES;
				CLANG_WARN_RANGE_LOOP_ANALYSIS = YES;
				CLANG_WARN_STRICT_PROTOTYPES = YES;
				CLANG_WARN_SUSPICIOUS_MOVE = YES;
				CLANG_WARN_UNGUARDED_AVAILABILITY = YES_AGGRESSIVE;
				CLANG_WARN_UNREACHABLE_CODE = YES;
				CLANG_WARN__DUPLICATE_METHOD_MATCH = YES;
				COPY_PHASE_STRIP = NO;
				DEBUG_INFORMATION_FORMAT = "dwarf-with-dsym";
				ENABLE_NS_ASSERTIONS = NO;
				ENABLE_STRICT_OBJC_MSGSEND = YES;
				GCC_C_LANGUAGE_STANDARD = gnu11;
				GCC_NO_COMMON_BLOCKS = YES;
				GCC_WARN_64_TO_32_BIT_CONVERSION = YES;
				GCC_WARN_ABOUT_RETURN_TYPE = YES_ERROR;
				GCC_WARN_UNDECLARED_SELECTOR = YES;
				GCC_WARN_UNINITIALIZED_AUTOS = YES_AGGRESSIVE;
				GCC_WARN_UNUSED_FUNCTION = YES;
				GCC_WARN_UNUSED_VARIABLE = YES;
				IPHONEOS_DEPLOYMENT_TARGET = 15.2;
				MTL_ENABLE_DEBUG_INFO = NO;
				MTL_FAST_MATH = YES;
				SDKROOT = iphoneos;
				SWIFT_COMPILATION_MODE = wholemodule;
				SWIFT_OPTIMIZATION_LEVEL = "-O";
				VALIDATE_PRODUCT = YES;
			};
			name = Release;
		};
		863850732A4A5B8600B0CF09 /* Debug */ = {
			isa = XCBuildConfiguration;
			buildSettings = {
				ASSETCATALOG_COMPILER_APPICON_NAME = AppIcon;
				ASSETCATALOG_COMPILER_GLOBAL_ACCENT_COLOR_NAME = AccentColor;
				CODE_SIGN_STYLE = Automatic;
				CURRENT_PROJECT_VERSION = 1;
				DEVELOPMENT_ASSET_PATHS = "\"LandMarks/Preview Content\"";
				ENABLE_PREVIEWS = YES;
				GENERATE_INFOPLIST_FILE = YES;
				INFOPLIST_KEY_UIApplicationSceneManifest_Generation = YES;
				INFOPLIST_KEY_UIApplicationSupportsIndirectInputEvents = YES;
				INFOPLIST_KEY_UILaunchScreen_Generation = YES;
				INFOPLIST_KEY_UISupportedInterfaceOrientations_iPad = "UIInterfaceOrientationPortrait UIInterfaceOrientationPortraitUpsideDown UIInterfaceOrientationLandscapeLeft UIInterfaceOrientationLandscapeRight";
				INFOPLIST_KEY_UISupportedInterfaceOrientations_iPhone = "UIInterfaceOrientationPortrait UIInterfaceOrientationLandscapeLeft UIInterfaceOrientationLandscapeRight";
				LD_RUNPATH_SEARCH_PATHS = (
					"$(inherited)",
					"@executable_path/Frameworks",
				);
				MARKETING_VERSION = 1.0;
				PRODUCT_BUNDLE_IDENTIFIER = lindicell.LandMarks;
				PRODUCT_NAME = "$(TARGET_NAME)";
				SWIFT_EMIT_LOC_STRINGS = YES;
				SWIFT_VERSION = 5.0;
				TARGETED_DEVICE_FAMILY = "1,2";
			};
			name = Debug;
		};
		863850742A4A5B8600B0CF09 /* Release */ = {
			isa = XCBuildConfiguration;
			buildSettings = {
				ASSETCATALOG_COMPILER_APPICON_NAME = AppIcon;
				ASSETCATALOG_COMPILER_GLOBAL_ACCENT_COLOR_NAME = AccentColor;
				CODE_SIGN_STYLE = Automatic;
				CURRENT_PROJECT_VERSION = 1;
				DEVELOPMENT_ASSET_PATHS = "\"LandMarks/Preview Content\"";
				ENABLE_PREVIEWS = YES;
				GENERATE_INFOPLIST_FILE = YES;
				INFOPLIST_KEY_UIApplicationSceneManifest_Generation = YES;
				INFOPLIST_KEY_UIApplicationSupportsIndirectInputEvents = YES;
				INFOPLIST_KEY_UILaunchScreen_Generation = YES;
				INFOPLIST_KEY_UISupportedInterfaceOrientations_iPad = "UIInterfaceOrientationPortrait UIInterfaceOrientationPortraitUpsideDown UIInterfaceOrientationLandscapeLeft UIInterfaceOrientationLandscapeRight";
				INFOPLIST_KEY_UISupportedInterfaceOrientations_iPhone = "UIInterfaceOrientationPortrait UIInterfaceOrientationLandscapeLeft UIInterfaceOrientationLandscapeRight";
				LD_RUNPATH_SEARCH_PATHS = (
					"$(inherited)",
					"@executable_path/Frameworks",
				);
				MARKETING_VERSION = 1.0;
				PRODUCT_BUNDLE_IDENTIFIER = lindicell.LandMarks;
				PRODUCT_NAME = "$(TARGET_NAME)";
				SWIFT_EMIT_LOC_STRINGS = YES;
				SWIFT_VERSION = 5.0;
				TARGETED_DEVICE_FAMILY = "1,2";
			};
			name = Release;
		};
		863850762A4A5B8600B0CF09 /* Debug */ = {
			isa = XCBuildConfiguration;
			buildSettings = {
				ALWAYS_EMBED_SWIFT_STANDARD_LIBRARIES = YES;
				BUNDLE_LOADER = "$(TEST_HOST)";
				CODE_SIGN_STYLE = Automatic;
				CURRENT_PROJECT_VERSION = 1;
				GENERATE_INFOPLIST_FILE = YES;
				IPHONEOS_DEPLOYMENT_TARGET = 15.2;
				MARKETING_VERSION = 1.0;
				PRODUCT_BUNDLE_IDENTIFIER = lindicell.LandMarksTests;
				PRODUCT_NAME = "$(TARGET_NAME)";
				SWIFT_EMIT_LOC_STRINGS = NO;
				SWIFT_VERSION = 5.0;
				TARGETED_DEVICE_FAMILY = "1,2";
				TEST_HOST = "$(BUILT_PRODUCTS_DIR)/LandMarks.app/LandMarks";
			};
			name = Debug;
		};
		863850772A4A5B8600B0CF09 /* Release */ = {
			isa = XCBuildConfiguration;
			buildSettings = {
				ALWAYS_EMBED_SWIFT_STANDARD_LIBRARIES = YES;
				BUNDLE_LOADER = "$(TEST_HOST)";
				CODE_SIGN_STYLE = Automatic;
				CURRENT_PROJECT_VERSION = 1;
				GENERATE_INFOPLIST_FILE = YES;
				IPHONEOS_DEPLOYMENT_TARGET = 15.2;
				MARKETING_VERSION = 1.0;
				PRODUCT_BUNDLE_IDENTIFIER = lindicell.LandMarksTests;
				PRODUCT_NAME = "$(TARGET_NAME)";
				SWIFT_EMIT_LOC_STRINGS = NO;
				SWIFT_VERSION = 5.0;
				TARGETED_DEVICE_FAMILY = "1,2";
				TEST_HOST = "$(BUILT_PRODUCTS_DIR)/LandMarks.app/LandMarks";
			};
			name = Release;
		};
		863850792A4A5B8600B0CF09 /* Debug */ = {
			isa = XCBuildConfiguration;
			buildSettings = {
				ALWAYS_EMBED_SWIFT_STANDARD_LIBRARIES = YES;
				CODE_SIGN_STYLE = Automatic;
				CURRENT_PROJECT_VERSION = 1;
				GENERATE_INFOPLIST_FILE = YES;
				MARKETING_VERSION = 1.0;
				PRODUCT_BUNDLE_IDENTIFIER = lindicell.LandMarksUITests;
				PRODUCT_NAME = "$(TARGET_NAME)";
				SWIFT_EMIT_LOC_STRINGS = NO;
				SWIFT_VERSION = 5.0;
				TARGETED_DEVICE_FAMILY = "1,2";
				TEST_TARGET_NAME = LandMarks;
			};
			name = Debug;
		};
		8638507A2A4A5B8600B0CF09 /* Release */ = {
			isa = XCBuildConfiguration;
			buildSettings = {
				ALWAYS_EMBED_SWIFT_STANDARD_LIBRARIES = YES;
				CODE_SIGN_STYLE = Automatic;
				CURRENT_PROJECT_VERSION = 1;
				GENERATE_INFOPLIST_FILE = YES;
				MARKETING_VERSION = 1.0;
				PRODUCT_BUNDLE_IDENTIFIER = lindicell.LandMarksUITests;
				PRODUCT_NAME = "$(TARGET_NAME)";
				SWIFT_EMIT_LOC_STRINGS = NO;
				SWIFT_VERSION = 5.0;
				TARGETED_DEVICE_FAMILY = "1,2";
				TEST_TARGET_NAME = LandMarks;
			};
			name = Release;
		};
/* End XCBuildConfiguration section */

/* Begin XCConfigurationList section */
		863850492A4A5B8400B0CF09 /* Build configuration list for PBXProject "LandMarks" */ = {
			isa = XCConfigurationList;
			buildConfigurations = (
				863850702A4A5B8600B0CF09 /* Debug */,
				863850712A4A5B8600B0CF09 /* Release */,
			);
			defaultConfigurationIsVisible = 0;
			defaultConfigurationName = Release;
		};
		863850722A4A5B8600B0CF09 /* Build configuration list for PBXNativeTarget "LandMarks" */ = {
			isa = XCConfigurationList;
			buildConfigurations = (
				863850732A4A5B8600B0CF09 /* Debug */,
				863850742A4A5B8600B0CF09 /* Release */,
			);
			defaultConfigurationIsVisible = 0;
			defaultConfigurationName = Release;
		};
		863850752A4A5B8600B0CF09 /* Build configuration list for PBXNativeTarget "LandMarksTests" */ = {
			isa = XCConfigurationList;
			buildConfigurations = (
				863850762A4A5B8600B0CF09 /* Debug */,
				863850772A4A5B8600B0CF09 /* Release */,
			);
			defaultConfigurationIsVisible = 0;
			defaultConfigurationName = Release;
		};
		863850782A4A5B8600B0CF09 /* Build configuration list for PBXNativeTarget "LandMarksUITests" */ = {
			isa = XCConfigurationList;
			buildConfigurations = (
				863850792A4A5B8600B0CF09 /* Debug */,
				8638507A2A4A5B8600B0CF09 /* Release */,
			);
			defaultConfigurationIsVisible = 0;
			defaultConfigurationName = Release;
		};
/* End XCConfigurationList section */
	};
	rootObject = 863850462A4A5B8400B0CF09 /* Project object */;
}
